
Microsoft Visual Studio Solution File, Format Version 12.00
# Visual Studio 15
VisualStudioVersion = 15.0.26430.12
MinimumVisualStudioVersion = 10.0.40219.1
Project("{FAE04EC0-301F-11D3-BF4B-00C04F79EFBC}") = "14example", "14example\14example.csproj", "{BF99B3E5-B642-438D-BBFF-90AEC198487F}"
EndProject
Project("{FAE04EC0-301F-11D3-BF4B-00C04F79EFBC}") = "17example", "..\17example\17example.csproj", "{B19390A2-1291-4505-A650-4F814AFE2DB7}"
EndProject
Project("{FAE04EC0-301F-11D3-BF4B-00C04F79EFBC}") = "19Example", "..\19Example\19Example.csproj", "{4A3EE195-F61A-4CBB-B418-F7B60AA51D5B}"
EndProject
Project("{FAE04EC0-301F-11D3-BF4B-00C04F79EFBC}") = "22example", "..\22example\22example.csproj", "{FA24B1AE-A2C9-4866-A4BB-A149590477F4}"
EndProject
Project("{FAE04EC0-301F-11D3-BF4B-00C04F79EFBC}") = "23Example", "..\23Example\23Example.csproj", "{06DC8C80-AF51-49F3-9459-5BD47D787C07}"
EndProject
Project("{FAE04EC0-301F-11D3-BF4B-00C04F79EFBC}") = "24Example", "..\24Example\24Example.csproj", "{EBF8B876-5880-4FF9-BDE7-5B7C79828F22}"
EndProject
Global
	GlobalSection(SolutionConfigurationPlatforms) = preSolution
		Debug|Any CPU = Debug|Any CPU
		Release|Any CPU = Release|Any CPU
	EndGlobalSection
	GlobalSection(ProjectConfigurationPlatforms) = postSolution
		{BF99B3E5-B642-438D-BBFF-90AEC198487F}.Debug|Any CPU.ActiveCfg = Debug|Any CPU
		{BF99B3E5-B642-438D-BBFF-90AEC198487F}.Debug|Any CPU.Build.0 = Debug|Any CPU
		{BF99B3E5-B642-438D-BBFF-90AEC198487F}.Release|Any CPU.ActiveCfg = Release|Any CPU
		{BF99B3E5-B642-438D-BBFF-90AEC198487F}.Release|Any CPU.Build.0 = Release|Any CPU
		{B19390A2-1291-4505-A650-4F814AFE2DB7}.Debug|Any CPU.ActiveCfg = Debug|Any CPU
		{B19390A2-1291-4505-A650-4F814AFE2DB7}.Debug|Any CPU.Build.0 = Debug|Any CPU
		{B19390A2-1291-4505-A650-4F814AFE2DB7}.Release|Any CPU.ActiveCfg = Release|Any CPU
		{B19390A2-1291-4505-A650-4F814AFE2DB7}.Release|Any CPU.Build.0 = Release|Any CPU
		{4A3EE195-F61A-4CBB-B418-F7B60AA51D5B}.Debug|Any CPU.ActiveCfg = Debug|Any CPU
		{4A3EE195-F61A-4CBB-B418-F7B60AA51D5B}.Debug|Any CPU.Build.0 = Debug|Any CPU
		{4A3EE195-F61A-4CBB-B418-F7B60AA51D5B}.Release|Any CPU.ActiveCfg = Release|Any CPU
		{4A3EE195-F61A-4CBB-B418-F7B60AA51D5B}.Release|Any CPU.Build.0 = Release|Any CPU
		{FA24B1AE-A2C9-4866-A4BB-A149590477F4}.Debug|Any CPU.ActiveCfg = Debug|Any CPU
		{FA24B1AE-A2C9-4866-A4BB-A149590477F4}.Debug|Any CPU.Build.0 = Debug|Any CPU
		{FA24B1AE-A2C9-4866-A4BB-A149590477F4}.Release|Any CPU.ActiveCfg = Release|Any CPU
		{FA24B1AE-A2C9-4866-A4BB-A149590477F4}.Release|Any CPU.Build.0 = Release|Any CPU
		{06DC8C80-AF51-49F3-9459-5BD47D787C07}.Debug|Any CPU.ActiveCfg = Debug|Any CPU
		{06DC8C80-AF51-49F3-9459-5BD47D787C07}.Debug|Any CPU.Build.0 = Debug|Any CPU
		{06DC8C80-AF51-49F3-9459-5BD47D787C07}.Release|Any CPU.ActiveCfg = Release|Any CPU
		{06DC8C80-AF51-49F3-9459-5BD47D787C07}.Release|Any CPU.Build.0 = Release|Any CPU
		{EBF8B876-5880-4FF9-BDE7-5B7C79828F22}.Debug|Any CPU.ActiveCfg = Debug|Any CPU
		{EBF8B876-5880-4FF9-BDE7-5B7C79828F22}.Debug|Any CPU.Build.0 = Debug|Any CPU
		{EBF8B876-5880-4FF9-BDE7-5B7C79828F22}.Release|Any CPU.ActiveCfg = Release|Any CPU
		{EBF8B876-5880-4FF9-BDE7-5B7C79828F22}.Release|Any CPU.Build.0 = Release|Any CPU
	EndGlobalSection
	GlobalSection(SolutionProperties) = preSolution
		HideSolutionNode = FALSE
	EndGlobalSection
EndGlobal
