
Microsoft Visual Studio Solution File, Format Version 12.00
# Visual Studio 14
VisualStudioVersion = 14.0.24720.0
MinimumVisualStudioVersion = 10.0.40219.1
Project("{FAE04EC0-301F-11D3-BF4B-00C04F79EFBC}") = "7example", "7example\7example.csproj", "{A94CF6E7-4385-4234-AF47-9863268C1DEB}"
EndProject
Project("{FAE04EC0-301F-11D3-BF4B-00C04F79EFBC}") = "8example", "..\..\8example\Prog\8example.csproj", "{EDF4EF7B-D97F-41BB-A297-635373B302BE}"
EndProject
Project("{FAE04EC0-301F-11D3-BF4B-00C04F79EFBC}") = "9example", "..\..\9example\9example\9example.csproj", "{3972FBEB-71BD-45A4-A123-7377AE4CF524}"
EndProject
Global
	GlobalSection(SolutionConfigurationPlatforms) = preSolution
		Debug|Any CPU = Debug|Any CPU
		Release|Any CPU = Release|Any CPU
	EndGlobalSection
	GlobalSection(ProjectConfigurationPlatforms) = postSolution
		{A94CF6E7-4385-4234-AF47-9863268C1DEB}.Debug|Any CPU.ActiveCfg = Debug|Any CPU
		{A94CF6E7-4385-4234-AF47-9863268C1DEB}.Debug|Any CPU.Build.0 = Debug|Any CPU
		{A94CF6E7-4385-4234-AF47-9863268C1DEB}.Release|Any CPU.ActiveCfg = Release|Any CPU
		{A94CF6E7-4385-4234-AF47-9863268C1DEB}.Release|Any CPU.Build.0 = Release|Any CPU
		{EDF4EF7B-D97F-41BB-A297-635373B302BE}.Debug|Any CPU.ActiveCfg = Debug|Any CPU
		{EDF4EF7B-D97F-41BB-A297-635373B302BE}.Debug|Any CPU.Build.0 = Debug|Any CPU
		{EDF4EF7B-D97F-41BB-A297-635373B302BE}.Release|Any CPU.ActiveCfg = Release|Any CPU
		{EDF4EF7B-D97F-41BB-A297-635373B302BE}.Release|Any CPU.Build.0 = Release|Any CPU
		{3972FBEB-71BD-45A4-A123-7377AE4CF524}.Debug|Any CPU.ActiveCfg = Debug|Any CPU
		{3972FBEB-71BD-45A4-A123-7377AE4CF524}.Debug|Any CPU.Build.0 = Debug|Any CPU
		{3972FBEB-71BD-45A4-A123-7377AE4CF524}.Release|Any CPU.ActiveCfg = Release|Any CPU
		{3972FBEB-71BD-45A4-A123-7377AE4CF524}.Release|Any CPU.Build.0 = Release|Any CPU
	EndGlobalSection
	GlobalSection(SolutionProperties) = preSolution
		HideSolutionNode = FALSE
	EndGlobalSection
EndGlobal
